// !$*UTF8*$!
{
	archiveVersion = 1;
	classes = {
	};
	objectVersion = 56;
	objects = {

/* Begin PBXBuildFile section */
		6453C3FF2AF4CB21007DD325 /* HomeView.swift in Sources */ = {isa = PBXBuildFile; fileRef = 6453C3FE2AF4CB21007DD325 /* HomeView.swift */; };
		649622592AF4C81300EF1CCC /* GoogleService-Info.plist in Resources */ = {isa = PBXBuildFile; fileRef = 649622582AF4C81300EF1CCC /* GoogleService-Info.plist */; };
		64979BFC2AF49F4E007DF297 /* betaApp.swift in Sources */ = {isa = PBXBuildFile; fileRef = 64979BFB2AF49F4E007DF297 /* betaApp.swift */; };
		64979C002AF49F50007DF297 /* Assets.xcassets in Resources */ = {isa = PBXBuildFile; fileRef = 64979BFF2AF49F50007DF297 /* Assets.xcassets */; };
		64979C042AF49F50007DF297 /* Preview Assets.xcassets in Resources */ = {isa = PBXBuildFile; fileRef = 64979C032AF49F50007DF297 /* Preview Assets.xcassets */; };
		64979C0C2AF4B6F5007DF297 /* FirebaseAuth in Frameworks */ = {isa = PBXBuildFile; productRef = 64979C0B2AF4B6F5007DF297 /* FirebaseAuth */; };
		64979C0E2AF4B6F5007DF297 /* FirebaseFirestore in Frameworks */ = {isa = PBXBuildFile; productRef = 64979C0D2AF4B6F5007DF297 /* FirebaseFirestore */; };
		64979C102AF4B6F5007DF297 /* FirebaseFirestoreSwift in Frameworks */ = {isa = PBXBuildFile; productRef = 64979C0F2AF4B6F5007DF297 /* FirebaseFirestoreSwift */; };
		64979C122AF4B6F5007DF297 /* FirebaseStorage in Frameworks */ = {isa = PBXBuildFile; productRef = 64979C112AF4B6F5007DF297 /* FirebaseStorage */; };
		64BED6292AF61688000BB905 /* Color.swift in Sources */ = {isa = PBXBuildFile; fileRef = 64BED6282AF61688000BB905 /* Color.swift */; };
/* End PBXBuildFile section */

/* Begin PBXFileReference section */
		6453C3FE2AF4CB21007DD325 /* HomeView.swift */ = {isa = PBXFileReference; lastKnownFileType = sourcecode.swift; path = HomeView.swift; sourceTree = "<group>"; };
		649622582AF4C81300EF1CCC /* GoogleService-Info.plist */ = {isa = PBXFileReference; fileEncoding = 4; lastKnownFileType = text.plist.xml; path = "GoogleService-Info.plist"; sourceTree = "<group>"; };
		64979BF82AF49F4E007DF297 /* beta.app */ = {isa = PBXFileReference; explicitFileType = wrapper.application; includeInIndex = 0; path = beta.app; sourceTree = BUILT_PRODUCTS_DIR; };
		64979BFB2AF49F4E007DF297 /* betaApp.swift */ = {isa = PBXFileReference; lastKnownFileType = sourcecode.swift; path = betaApp.swift; sourceTree = "<group>"; };
		64979BFF2AF49F50007DF297 /* Assets.xcassets */ = {isa = PBXFileReference; lastKnownFileType = folder.assetcatalog; path = Assets.xcassets; sourceTree = "<group>"; };
		64979C012AF49F50007DF297 /* beta.entitlements */ = {isa = PBXFileReference; lastKnownFileType = text.plist.entitlements; path = beta.entitlements; sourceTree = "<group>"; };
		64979C032AF49F50007DF297 /* Preview Assets.xcassets */ = {isa = PBXFileReference; lastKnownFileType = folder.assetcatalog; path = "Preview Assets.xcassets"; sourceTree = "<group>"; };
		64BED6282AF61688000BB905 /* Color.swift */ = {isa = PBXFileReference; lastKnownFileType = sourcecode.swift; path = Color.swift; sourceTree = "<group>"; };
/* End PBXFileReference section */

/* Begin PBXFrameworksBuildPhase section */
		64979BF52AF49F4E007DF297 /* Frameworks */ = {
			isa = PBXFrameworksBuildPhase;
			buildActionMask = 2147483647;
			files = (
				64979C0C2AF4B6F5007DF297 /* FirebaseAuth in Frameworks */,
				64979C122AF4B6F5007DF297 /* FirebaseStorage in Frameworks */,
				64979C0E2AF4B6F5007DF297 /* FirebaseFirestore in Frameworks */,
				64979C102AF4B6F5007DF297 /* FirebaseFirestoreSwift in Frameworks */,
			);
			runOnlyForDeploymentPostprocessing = 0;
		};
/* End PBXFrameworksBuildPhase section */

/* Begin PBXGroup section */
		6496225B2AF4C98100EF1CCC /* Utils */ = {
			isa = PBXGroup;
			children = (
			);
			path = Utils;
			sourceTree = "<group>";
		};
		6496225C2AF4C98900EF1CCC /* Services */ = {
			isa = PBXGroup;
			children = (
			);
			path = Services;
			sourceTree = "<group>";
		};
		6496225D2AF4C99000EF1CCC /* Models */ = {
			isa = PBXGroup;
			children = (
			);
			path = Models;
			sourceTree = "<group>";
		};
		6496225E2AF4C99800EF1CCC /* Extensions */ = {
			isa = PBXGroup;
			children = (
				64BED6282AF61688000BB905 /* Color.swift */,
			);
			path = Extensions;
			sourceTree = "<group>";
		};
		6496225F2AF4C9A200EF1CCC /* Font */ = {
			isa = PBXGroup;
			children = (
			);
			path = Font;
			sourceTree = "<group>";
		};
		649622602AF4C9A600EF1CCC /* Components */ = {
			isa = PBXGroup;
			children = (
			);
			path = Components;
			sourceTree = "<group>";
		};
		649622612AF4C9AE00EF1CCC /* Core */ = {
			isa = PBXGroup;
			children = (
				649622692AF4CA1100EF1CCC /* Root */,
				649622682AF4CA0800EF1CCC /* Authentication */,
				649622672AF4CA0000EF1CCC /* TabBar */,
				649622662AF4C9F300EF1CCC /* Theatre */,
				649622652AF4C9ED00EF1CCC /* Studio */,
				649622642AF4C9E600EF1CCC /* Profile */,
			);
			path = Core;
			sourceTree = "<group>";
		};
		649622622AF4C9B200EF1CCC /* App */ = {
			isa = PBXGroup;
			children = (
			);
			path = App;
			sourceTree = "<group>";
		};
		649622642AF4C9E600EF1CCC /* Profile */ = {
			isa = PBXGroup;
			children = (
			);
			path = Profile;
			sourceTree = "<group>";
		};
		649622652AF4C9ED00EF1CCC /* Studio */ = {
			isa = PBXGroup;
			children = (
			);
			path = Studio;
			sourceTree = "<group>";
		};
		649622662AF4C9F300EF1CCC /* Theatre */ = {
			isa = PBXGroup;
			children = (
			);
			path = Theatre;
			sourceTree = "<group>";
		};
		649622672AF4CA0000EF1CCC /* TabBar */ = {
			isa = PBXGroup;
			children = (
			);
			path = TabBar;
			sourceTree = "<group>";
		};
		649622682AF4CA0800EF1CCC /* Authentication */ = {
			isa = PBXGroup;
			children = (
			);
			path = Authentication;
			sourceTree = "<group>";
		};
		649622692AF4CA1100EF1CCC /* Root */ = {
			isa = PBXGroup;
			children = (
				6453C3FE2AF4CB21007DD325 /* HomeView.swift */,
			);
			path = Root;
			sourceTree = "<group>";
		};
		64979BEF2AF49F4E007DF297 = {
			isa = PBXGroup;
			children = (
				64979BFA2AF49F4E007DF297 /* beta */,
				64979BF92AF49F4E007DF297 /* Products */,
			);
			sourceTree = "<group>";
		};
		64979BF92AF49F4E007DF297 /* Products */ = {
			isa = PBXGroup;
			children = (
				64979BF82AF49F4E007DF297 /* beta.app */,
			);
			name = Products;
			sourceTree = "<group>";
		};
		64979BFA2AF49F4E007DF297 /* beta */ = {
			isa = PBXGroup;
			children = (
				649622622AF4C9B200EF1CCC /* App */,
				649622612AF4C9AE00EF1CCC /* Core */,
				649622602AF4C9A600EF1CCC /* Components */,
				6496225F2AF4C9A200EF1CCC /* Font */,
				6496225E2AF4C99800EF1CCC /* Extensions */,
				6496225D2AF4C99000EF1CCC /* Models */,
				6496225C2AF4C98900EF1CCC /* Services */,
				6496225B2AF4C98100EF1CCC /* Utils */,
				649622582AF4C81300EF1CCC /* GoogleService-Info.plist */,
				64979BFB2AF49F4E007DF297 /* betaApp.swift */,
				64979BFF2AF49F50007DF297 /* Assets.xcassets */,
				64979C012AF49F50007DF297 /* beta.entitlements */,
				64979C022AF49F50007DF297 /* Preview Content */,
			);
			path = beta;
			sourceTree = "<group>";
		};
		64979C022AF49F50007DF297 /* Preview Content */ = {
			isa = PBXGroup;
			children = (
				64979C032AF49F50007DF297 /* Preview Assets.xcassets */,
			);
			path = "Preview Content";
			sourceTree = "<group>";
		};
/* End PBXGroup section */

/* Begin PBXNativeTarget section */
		64979BF72AF49F4E007DF297 /* beta */ = {
			isa = PBXNativeTarget;
			buildConfigurationList = 64979C072AF49F50007DF297 /* Build configuration list for PBXNativeTarget "beta" */;
			buildPhases = (
				64979BF42AF49F4E007DF297 /* Sources */,
				64979BF52AF49F4E007DF297 /* Frameworks */,
				64979BF62AF49F4E007DF297 /* Resources */,
			);
			buildRules = (
			);
			dependencies = (
			);
			name = beta;
			packageProductDependencies = (
				64979C0B2AF4B6F5007DF297 /* FirebaseAuth */,
				64979C0D2AF4B6F5007DF297 /* FirebaseFirestore */,
				64979C0F2AF4B6F5007DF297 /* FirebaseFirestoreSwift */,
				64979C112AF4B6F5007DF297 /* FirebaseStorage */,
			);
			productName = beta;
			productReference = 64979BF82AF49F4E007DF297 /* beta.app */;
			productType = "com.apple.product-type.application";
		};
/* End PBXNativeTarget section */

/* Begin PBXProject section */
		64979BF02AF49F4E007DF297 /* Project object */ = {
			isa = PBXProject;
			attributes = {
				BuildIndependentTargetsInParallel = 1;
				LastSwiftUpdateCheck = 1420;
				LastUpgradeCheck = 1420;
				TargetAttributes = {
					64979BF72AF49F4E007DF297 = {
						CreatedOnToolsVersion = 14.2;
					};
				};
			};
			buildConfigurationList = 64979BF32AF49F4E007DF297 /* Build configuration list for PBXProject "beta" */;
			compatibilityVersion = "Xcode 14.0";
			developmentRegion = en;
			hasScannedForEncodings = 0;
			knownRegions = (
				en,
				Base,
			);
			mainGroup = 64979BEF2AF49F4E007DF297;
			packageReferences = (
				64979C0A2AF4B6F5007DF297 /* XCRemoteSwiftPackageReference "firebase-ios-sdk" */,
			);
			productRefGroup = 64979BF92AF49F4E007DF297 /* Products */;
			projectDirPath = "";
			projectRoot = "";
			targets = (
				64979BF72AF49F4E007DF297 /* beta */,
			);
		};
/* End PBXProject section */

/* Begin PBXResourcesBuildPhase section */
		64979BF62AF49F4E007DF297 /* Resources */ = {
			isa = PBXResourcesBuildPhase;
			buildActionMask = 2147483647;
			files = (
				64979C042AF49F50007DF297 /* Preview Assets.xcassets in Resources */,
				64979C002AF49F50007DF297 /* Assets.xcassets in Resources */,
				649622592AF4C81300EF1CCC /* GoogleService-Info.plist in Resources */,
			);
			runOnlyForDeploymentPostprocessing = 0;
		};
/* End PBXResourcesBuildPhase section */

/* Begin PBXSourcesBuildPhase section */
		64979BF42AF49F4E007DF297 /* Sources */ = {
			isa = PBXSourcesBuildPhase;
			buildActionMask = 2147483647;
			files = (
				6453C3FF2AF4CB21007DD325 /* HomeView.swift in Sources */,
				64979BFC2AF49F4E007DF297 /* betaApp.swift in Sources */,
				64BED6292AF61688000BB905 /* Color.swift in Sources */,
			);
			runOnlyForDeploymentPostprocessing = 0;
		};
/* End PBXSourcesBuildPhase section */

/* Begin XCBuildConfiguration section */
		64979C052AF49F50007DF297 /* Debug */ = {
			isa = XCBuildConfiguration;
			buildSettings = {
				ALWAYS_SEARCH_USER_PATHS = NO;
				CLANG_ANALYZER_NONNULL = YES;
				CLANG_ANALYZER_NUMBER_OBJECT_CONVERSION = YES_AGGRESSIVE;
				CLANG_CXX_LANGUAGE_STANDARD = "gnu++20";
				CLANG_ENABLE_MODULES = YES;
				CLANG_ENABLE_OBJC_ARC = YES;
				CLANG_ENABLE_OBJC_WEAK = YES;
				CLANG_WARN_BLOCK_CAPTURE_AUTORELEASING = YES;
				CLANG_WARN_BOOL_CONVERSION = YES;
				CLANG_WARN_COMMA = YES;
				CLANG_WARN_CONSTANT_CONVERSION = YES;
				CLANG_WARN_DEPRECATED_OBJC_IMPLEMENTATIONS = YES;
				CLANG_WARN_DIRECT_OBJC_ISA_USAGE = YES_ERROR;
				CLANG_WARN_DOCUMENTATION_COMMENTS = YES;
				CLANG_WARN_EMPTY_BODY = YES;
				CLANG_WARN_ENUM_CONVERSION = YES;
				CLANG_WARN_INFINITE_RECURSION = YES;
				CLANG_WARN_INT_CONVERSION = YES;
				CLANG_WARN_NON_LITERAL_NULL_CONVERSION = YES;
				CLANG_WARN_OBJC_IMPLICIT_RETAIN_SELF = YES;
				CLANG_WARN_OBJC_LITERAL_CONVERSION = YES;
				CLANG_WARN_OBJC_ROOT_CLASS = YES_ERROR;
				CLANG_WARN_QUOTED_INCLUDE_IN_FRAMEWORK_HEADER = YES;
				CLANG_WARN_RANGE_LOOP_ANALYSIS = YES;
				CLANG_WARN_STRICT_PROTOTYPES = YES;
				CLANG_WARN_SUSPICIOUS_MOVE = YES;
				CLANG_WARN_UNGUARDED_AVAILABILITY = YES_AGGRESSIVE;
				CLANG_WARN_UNREACHABLE_CODE = YES;
				CLANG_WARN__DUPLICATE_METHOD_MATCH = YES;
				COPY_PHASE_STRIP = NO;
				DEBUG_INFORMATION_FORMAT = dwarf;
				ENABLE_STRICT_OBJC_MSGSEND = YES;
				ENABLE_TESTABILITY = YES;
				GCC_C_LANGUAGE_STANDARD = gnu11;
				GCC_DYNAMIC_NO_PIC = NO;
				GCC_NO_COMMON_BLOCKS = YES;
				GCC_OPTIMIZATION_LEVEL = 0;
				GCC_PREPROCESSOR_DEFINITIONS = (
					"DEBUG=1",
					"$(inherited)",
				);
				GCC_WARN_64_TO_32_BIT_CONVERSION = YES;
				GCC_WARN_ABOUT_RETURN_TYPE = YES_ERROR;
				GCC_WARN_UNDECLARED_SELECTOR = YES;
				GCC_WARN_UNINITIALIZED_AUTOS = YES_AGGRESSIVE;
				GCC_WARN_UNUSED_FUNCTION = YES;
				GCC_WARN_UNUSED_VARIABLE = YES;
				MTL_ENABLE_DEBUG_INFO = INCLUDE_SOURCE;
				MTL_FAST_MATH = YES;
				ONLY_ACTIVE_ARCH = YES;
				SWIFT_ACTIVE_COMPILATION_CONDITIONS = DEBUG;
				SWIFT_OPTIMIZATION_LEVEL = "-Onone";
			};
			name = Debug;
		};
		64979C062AF49F50007DF297 /* Release */ = {
			isa = XCBuildConfiguration;
			buildSettings = {
				ALWAYS_SEARCH_USER_PATHS = NO;
				CLANG_ANALYZER_NONNULL = YES;
				CLANG_ANALYZER_NUMBER_OBJECT_CONVERSION = YES_AGGRESSIVE;
				CLANG_CXX_LANGUAGE_STANDARD = "gnu++20";
				CLANG_ENABLE_MODULES = YES;
				CLANG_ENABLE_OBJC_ARC = YES;
				CLANG_ENABLE_OBJC_WEAK = YES;
				CLANG_WARN_BLOCK_CAPTURE_AUTORELEASING = YES;
				CLANG_WARN_BOOL_CONVERSION = YES;
				CLANG_WARN_COMMA = YES;
				CLANG_WARN_CONSTANT_CONVERSION = YES;
				CLANG_WARN_DEPRECATED_OBJC_IMPLEMENTATIONS = YES;
				CLANG_WARN_DIRECT_OBJC_ISA_USAGE = YES_ERROR;
				CLANG_WARN_DOCUMENTATION_COMMENTS = YES;
				CLANG_WARN_EMPTY_BODY = YES;
				CLANG_WARN_ENUM_CONVERSION = YES;
				CLANG_WARN_INFINITE_RECURSION = YES;
				CLANG_WARN_INT_CONVERSION = YES;
				CLANG_WARN_NON_LITERAL_NULL_CONVERSION = YES;
				CLANG_WARN_OBJC_IMPLICIT_RETAIN_SELF = YES;
				CLANG_WARN_OBJC_LITERAL_CONVERSION = YES;
				CLANG_WARN_OBJC_ROOT_CLASS = YES_ERROR;
				CLANG_WARN_QUOTED_INCLUDE_IN_FRAMEWORK_HEADER = YES;
				CLANG_WARN_RANGE_LOOP_ANALYSIS = YES;
				CLANG_WARN_STRICT_PROTOTYPES = YES;
				CLANG_WARN_SUSPICIOUS_MOVE = YES;
				CLANG_WARN_UNGUARDED_AVAILABILITY = YES_AGGRESSIVE;
				CLANG_WARN_UNREACHABLE_CODE = YES;
				CLANG_WARN__DUPLICATE_METHOD_MATCH = YES;
				COPY_PHASE_STRIP = NO;
				DEBUG_INFORMATION_FORMAT = "dwarf-with-dsym";
				ENABLE_NS_ASSERTIONS = NO;
				ENABLE_STRICT_OBJC_MSGSEND = YES;
				GCC_C_LANGUAGE_STANDARD = gnu11;
				GCC_NO_COMMON_BLOCKS = YES;
				GCC_WARN_64_TO_32_BIT_CONVERSION = YES;
				GCC_WARN_ABOUT_RETURN_TYPE = YES_ERROR;
				GCC_WARN_UNDECLARED_SELECTOR = YES;
				GCC_WARN_UNINITIALIZED_AUTOS = YES_AGGRESSIVE;
				GCC_WARN_UNUSED_FUNCTION = YES;
				GCC_WARN_UNUSED_VARIABLE = YES;
				MTL_ENABLE_DEBUG_INFO = NO;
				MTL_FAST_MATH = YES;
				SWIFT_COMPILATION_MODE = wholemodule;
				SWIFT_OPTIMIZATION_LEVEL = "-O";
			};
			name = Release;
		};
		64979C082AF49F50007DF297 /* Debug */ = {
			isa = XCBuildConfiguration;
			buildSettings = {
				ASSETCATALOG_COMPILER_APPICON_NAME = AppIcon;
				ASSETCATALOG_COMPILER_GLOBAL_ACCENT_COLOR_NAME = AccentColor;
				CODE_SIGN_ENTITLEMENTS = beta/beta.entitlements;
				CODE_SIGN_STYLE = Automatic;
				CURRENT_PROJECT_VERSION = 1;
				DEVELOPMENT_ASSET_PATHS = "\"beta/Preview Content\"";
				ENABLE_PREVIEWS = YES;
				GENERATE_INFOPLIST_FILE = YES;
				INFOPLIST_FILE = beta/Info.plist;
				"INFOPLIST_KEY_UIApplicationSceneManifest_Generation[sdk=iphoneos*]" = YES;
				"INFOPLIST_KEY_UIApplicationSceneManifest_Generation[sdk=iphonesimulator*]" = YES;
				"INFOPLIST_KEY_UIApplicationSupportsIndirectInputEvents[sdk=iphoneos*]" = YES;
				"INFOPLIST_KEY_UIApplicationSupportsIndirectInputEvents[sdk=iphonesimulator*]" = YES;
				"INFOPLIST_KEY_UILaunchScreen_Generation[sdk=iphoneos*]" = YES;
				"INFOPLIST_KEY_UILaunchScreen_Generation[sdk=iphonesimulator*]" = YES;
				"INFOPLIST_KEY_UIStatusBarStyle[sdk=iphoneos*]" = UIStatusBarStyleDefault;
				"INFOPLIST_KEY_UIStatusBarStyle[sdk=iphonesimulator*]" = UIStatusBarStyleDefault;
				INFOPLIST_KEY_UISupportedInterfaceOrientations_iPad = "UIInterfaceOrientationPortrait UIInterfaceOrientationPortraitUpsideDown UIInterfaceOrientationLandscapeLeft UIInterfaceOrientationLandscapeRight";
				INFOPLIST_KEY_UISupportedInterfaceOrientations_iPhone = "UIInterfaceOrientationPortrait UIInterfaceOrientationLandscapeLeft UIInterfaceOrientationLandscapeRight";
				IPHONEOS_DEPLOYMENT_TARGET = 16.2;
				LD_RUNPATH_SEARCH_PATHS = "@executable_path/Frameworks";
				"LD_RUNPATH_SEARCH_PATHS[sdk=macosx*]" = "@executable_path/../Frameworks";
				MACOSX_DEPLOYMENT_TARGET = 12.6;
				MARKETING_VERSION = 1.0;
				PRODUCT_BUNDLE_IDENTIFIER = ai.cherrypick.beta;
				PRODUCT_NAME = "$(TARGET_NAME)";
				SDKROOT = auto;
				SUPPORTED_PLATFORMS = "iphoneos iphonesimulator macosx";
				SWIFT_EMIT_LOC_STRINGS = YES;
				SWIFT_VERSION = 5.0;
				TARGETED_DEVICE_FAMILY = "1,2";
			};
			name = Debug;
		};
		64979C092AF49F50007DF297 /* Release */ = {
			isa = XCBuildConfiguration;
			buildSettings = {
				ASSETCATALOG_COMPILER_APPICON_NAME = AppIcon;
				ASSETCATALOG_COMPILER_GLOBAL_ACCENT_COLOR_NAME = AccentColor;
				CODE_SIGN_ENTITLEMENTS = beta/beta.entitlements;
				CODE_SIGN_STYLE = Automatic;
				CURRENT_PROJECT_VERSION = 1;
				DEVELOPMENT_ASSET_PATHS = "\"beta/Preview Content\"";
				ENABLE_PREVIEWS = YES;
				GENERATE_INFOPLIST_FILE = YES;
				INFOPLIST_FILE = beta/Info.plist;
				"INFOPLIST_KEY_UIApplicationSceneManifest_Generation[sdk=iphoneos*]" = YES;
				"INFOPLIST_KEY_UIApplicationSceneManifest_Generation[sdk=iphonesimulator*]" = YES;
				"INFOPLIST_KEY_UIApplicationSupportsIndirectInputEvents[sdk=iphoneos*]" = YES;
				"INFOPLIST_KEY_UIApplicationSupportsIndirectInputEvents[sdk=iphonesimulator*]" = YES;
				"INFOPLIST_KEY_UILaunchScreen_Generation[sdk=iphoneos*]" = YES;
				"INFOPLIST_KEY_UILaunchScreen_Generation[sdk=iphonesimulator*]" = YES;
				"INFOPLIST_KEY_UIStatusBarStyle[sdk=iphoneos*]" = UIStatusBarStyleDefault;
				"INFOPLIST_KEY_UIStatusBarStyle[sdk=iphonesimulator*]" = UIStatusBarStyleDefault;
				INFOPLIST_KEY_UISupportedInterfaceOrientations_iPad = "UIInterfaceOrientationPortrait UIInterfaceOrientationPortraitUpsideDown UIInterfaceOrientationLandscapeLeft UIInterfaceOrientationLandscapeRight";
				INFOPLIST_KEY_UISupportedInterfaceOrientations_iPhone = "UIInterfaceOrientationPortrait UIInterfaceOrientationLandscapeLeft UIInterfaceOrientationLandscapeRight";
				IPHONEOS_DEPLOYMENT_TARGET = 16.2;
				LD_RUNPATH_SEARCH_PATHS = "@executable_path/Frameworks";
				"LD_RUNPATH_SEARCH_PATHS[sdk=macosx*]" = "@executable_path/../Frameworks";
				MACOSX_DEPLOYMENT_TARGET = 12.6;
				MARKETING_VERSION = 1.0;
				PRODUCT_BUNDLE_IDENTIFIER = ai.cherrypick.beta;
				PRODUCT_NAME = "$(TARGET_NAME)";
				SDKROOT = auto;
				SUPPORTED_PLATFORMS = "iphoneos iphonesimulator macosx";
				SWIFT_EMIT_LOC_STRINGS = YES;
				SWIFT_VERSION = 5.0;
				TARGETED_DEVICE_FAMILY = "1,2";
			};
			name = Release;
		};
/* End XCBuildConfiguration section */

/* Begin XCConfigurationList section */
		64979BF32AF49F4E007DF297 /* Build configuration list for PBXProject "beta" */ = {
			isa = XCConfigurationList;
			buildConfigurations = (
				64979C052AF49F50007DF297 /* Debug */,
				64979C062AF49F50007DF297 /* Release */,
			);
			defaultConfigurationIsVisible = 0;
			defaultConfigurationName = Release;
		};
		64979C072AF49F50007DF297 /* Build configuration list for PBXNativeTarget "beta" */ = {
			isa = XCConfigurationList;
			buildConfigurations = (
				64979C082AF49F50007DF297 /* Debug */,
				64979C092AF49F50007DF297 /* Release */,
			);
			defaultConfigurationIsVisible = 0;
			defaultConfigurationName = Release;
		};
/* End XCConfigurationList section */

/* Begin XCRemoteSwiftPackageReference section */
		64979C0A2AF4B6F5007DF297 /* XCRemoteSwiftPackageReference "firebase-ios-sdk" */ = {
			isa = XCRemoteSwiftPackageReference;
			repositoryURL = "https://github.com/firebase/firebase-ios-sdk";
			requirement = {
				kind = upToNextMajorVersion;
				minimumVersion = 9.0.0;
			};
		};
/* End XCRemoteSwiftPackageReference section */

/* Begin XCSwiftPackageProductDependency section */
		64979C0B2AF4B6F5007DF297 /* FirebaseAuth */ = {
			isa = XCSwiftPackageProductDependency;
			package = 64979C0A2AF4B6F5007DF297 /* XCRemoteSwiftPackageReference "firebase-ios-sdk" */;
			productName = FirebaseAuth;
		};
		64979C0D2AF4B6F5007DF297 /* FirebaseFirestore */ = {
			isa = XCSwiftPackageProductDependency;
			package = 64979C0A2AF4B6F5007DF297 /* XCRemoteSwiftPackageReference "firebase-ios-sdk" */;
			productName = FirebaseFirestore;
		};
		64979C0F2AF4B6F5007DF297 /* FirebaseFirestoreSwift */ = {
			isa = XCSwiftPackageProductDependency;
			package = 64979C0A2AF4B6F5007DF297 /* XCRemoteSwiftPackageReference "firebase-ios-sdk" */;
			productName = FirebaseFirestoreSwift;
		};
		64979C112AF4B6F5007DF297 /* FirebaseStorage */ = {
			isa = XCSwiftPackageProductDependency;
			package = 64979C0A2AF4B6F5007DF297 /* XCRemoteSwiftPackageReference "firebase-ios-sdk" */;
			productName = FirebaseStorage;
		};
/* End XCSwiftPackageProductDependency section */
	};
	rootObject = 64979BF02AF49F4E007DF297 /* Project object */;
}
