// !$*UTF8*$!
{
	archiveVersion = 1;
	classes = {
	};
	objectVersion = 56;
	objects = {

/* Begin PBXBuildFile section */
		64076D952AFB56B800F992DA /* StudioSectionHeader.swift in Sources */ = {isa = PBXBuildFile; fileRef = 64076D942AFB56B800F992DA /* StudioSectionHeader.swift */; };
		64076D972AFB578300F992DA /* TagList.swift in Sources */ = {isa = PBXBuildFile; fileRef = 64076D962AFB578300F992DA /* TagList.swift */; };
		648B13B12B217D5E00D91A85 /* User.swift in Sources */ = {isa = PBXBuildFile; fileRef = 648B13B02B217D5E00D91A85 /* User.swift */; };
		648ED4BE2AF88684001F325B /* LoginView.swift in Sources */ = {isa = PBXBuildFile; fileRef = 648ED4BD2AF88683001F325B /* LoginView.swift */; };
		648ED4C32AF8BEF7001F325B /* AuthTextFieldModifier.swift in Sources */ = {isa = PBXBuildFile; fileRef = 648ED4C22AF8BEF7001F325B /* AuthTextFieldModifier.swift */; };
		648ED4C52AF8CD4A001F325B /* LargeButton.swift in Sources */ = {isa = PBXBuildFile; fileRef = 648ED4C42AF8CD4A001F325B /* LargeButton.swift */; };
		648ED4C72AF90FD7001F325B /* MainTabView.swift in Sources */ = {isa = PBXBuildFile; fileRef = 648ED4C62AF90FD7001F325B /* MainTabView.swift */; };
		648ED4CA2AF912AD001F325B /* TheatreView.swift in Sources */ = {isa = PBXBuildFile; fileRef = 648ED4C92AF912AD001F325B /* TheatreView.swift */; };
		648ED4CD2AF912DE001F325B /* StudioView.swift in Sources */ = {isa = PBXBuildFile; fileRef = 648ED4CC2AF912DE001F325B /* StudioView.swift */; };
		648ED4D12AF91309001F325B /* ProfileView.swift in Sources */ = {isa = PBXBuildFile; fileRef = 648ED4D02AF91309001F325B /* ProfileView.swift */; };
		648ED4D32AF9DF46001F325B /* NotificationButton.swift in Sources */ = {isa = PBXBuildFile; fileRef = 648ED4D22AF9DF45001F325B /* NotificationButton.swift */; };
		648ED4D52AF9E5A3001F325B /* EpisodeCarouselView.swift in Sources */ = {isa = PBXBuildFile; fileRef = 648ED4D42AF9E5A2001F325B /* EpisodeCarouselView.swift */; };
		648ED4D72AF9E611001F325B /* EpisodeList.swift in Sources */ = {isa = PBXBuildFile; fileRef = 648ED4D62AF9E611001F325B /* EpisodeList.swift */; };
		648ED4D92AF9E6F8001F325B /* EpisodeIcon.swift in Sources */ = {isa = PBXBuildFile; fileRef = 648ED4D82AF9E6F8001F325B /* EpisodeIcon.swift */; };
		649622592AF4C81300EF1CCC /* GoogleService-Info.plist in Resources */ = {isa = PBXBuildFile; fileRef = 649622582AF4C81300EF1CCC /* GoogleService-Info.plist */; };
		64979BFC2AF49F4E007DF297 /* betaApp.swift in Sources */ = {isa = PBXBuildFile; fileRef = 64979BFB2AF49F4E007DF297 /* betaApp.swift */; };
		64979C002AF49F50007DF297 /* Assets.xcassets in Resources */ = {isa = PBXBuildFile; fileRef = 64979BFF2AF49F50007DF297 /* Assets.xcassets */; };
		64979C042AF49F50007DF297 /* Preview Assets.xcassets in Resources */ = {isa = PBXBuildFile; fileRef = 64979C032AF49F50007DF297 /* Preview Assets.xcassets */; };
		64979C0C2AF4B6F5007DF297 /* FirebaseAuth in Frameworks */ = {isa = PBXBuildFile; productRef = 64979C0B2AF4B6F5007DF297 /* FirebaseAuth */; };
		64979C0E2AF4B6F5007DF297 /* FirebaseFirestore in Frameworks */ = {isa = PBXBuildFile; productRef = 64979C0D2AF4B6F5007DF297 /* FirebaseFirestore */; };
		64979C102AF4B6F5007DF297 /* FirebaseFirestoreSwift in Frameworks */ = {isa = PBXBuildFile; productRef = 64979C0F2AF4B6F5007DF297 /* FirebaseFirestoreSwift */; };
		64979C122AF4B6F5007DF297 /* FirebaseStorage in Frameworks */ = {isa = PBXBuildFile; productRef = 64979C112AF4B6F5007DF297 /* FirebaseStorage */; };
		649961E52B2017AB00C5ADA3 /* OnboardingView.swift in Sources */ = {isa = PBXBuildFile; fileRef = 649961E42B2017AB00C5ADA3 /* OnboardingView.swift */; };
		64B9A39C2AFDE46E00E04778 /* AuthService.swift in Sources */ = {isa = PBXBuildFile; fileRef = 64B9A39B2AFDE46E00E04778 /* AuthService.swift */; };
		64B9A39E2AFE056600E04778 /* RootView.swift in Sources */ = {isa = PBXBuildFile; fileRef = 64B9A39D2AFE056600E04778 /* RootView.swift */; };
		64B9A3A02AFE059000E04778 /* WelcomeView.swift in Sources */ = {isa = PBXBuildFile; fileRef = 64B9A39F2AFE059000E04778 /* WelcomeView.swift */; };
		64B9A3A42AFE145300E04778 /* RootViewModel.swift in Sources */ = {isa = PBXBuildFile; fileRef = 64B9A3A32AFE145300E04778 /* RootViewModel.swift */; };
		64BA2CA72AF75FA200F60822 /* RegistrationView.swift in Sources */ = {isa = PBXBuildFile; fileRef = 64BA2CA62AF75FA200F60822 /* RegistrationView.swift */; };
		64BA2CA92AF7C38F00F60822 /* BioAuthButton.swift in Sources */ = {isa = PBXBuildFile; fileRef = 64BA2CA82AF7C38F00F60822 /* BioAuthButton.swift */; };
		64BED6292AF61688000BB905 /* Color.swift in Sources */ = {isa = PBXBuildFile; fileRef = 64BED6282AF61688000BB905 /* Color.swift */; };
		64BED62E2AF66FF1000BB905 /* PermanentMarker-Regular.ttf in Resources */ = {isa = PBXBuildFile; fileRef = 64BED62D2AF66FF1000BB905 /* PermanentMarker-Regular.ttf */; };
		64C404F22AFCC71000048F48 /* RegistrationViewModel.swift in Sources */ = {isa = PBXBuildFile; fileRef = 64C404F12AFCC71000048F48 /* RegistrationViewModel.swift */; };
		64D583AA2B1F29BB006DA180 /* LoginViewModel.swift in Sources */ = {isa = PBXBuildFile; fileRef = 64D583A92B1F29BA006DA180 /* LoginViewModel.swift */; };
/* End PBXBuildFile section */

/* Begin PBXFileReference section */
		64076D942AFB56B800F992DA /* StudioSectionHeader.swift */ = {isa = PBXFileReference; lastKnownFileType = sourcecode.swift; path = StudioSectionHeader.swift; sourceTree = "<group>"; };
		64076D962AFB578300F992DA /* TagList.swift */ = {isa = PBXFileReference; lastKnownFileType = sourcecode.swift; path = TagList.swift; sourceTree = "<group>"; };
		648B13B02B217D5E00D91A85 /* User.swift */ = {isa = PBXFileReference; lastKnownFileType = sourcecode.swift; path = User.swift; sourceTree = "<group>"; };
		648ED4BD2AF88683001F325B /* LoginView.swift */ = {isa = PBXFileReference; lastKnownFileType = sourcecode.swift; path = LoginView.swift; sourceTree = "<group>"; };
		648ED4C22AF8BEF7001F325B /* AuthTextFieldModifier.swift */ = {isa = PBXFileReference; lastKnownFileType = sourcecode.swift; path = AuthTextFieldModifier.swift; sourceTree = "<group>"; };
		648ED4C42AF8CD4A001F325B /* LargeButton.swift */ = {isa = PBXFileReference; lastKnownFileType = sourcecode.swift; path = LargeButton.swift; sourceTree = "<group>"; };
		648ED4C62AF90FD7001F325B /* MainTabView.swift */ = {isa = PBXFileReference; lastKnownFileType = sourcecode.swift; path = MainTabView.swift; sourceTree = "<group>"; };
		648ED4C92AF912AD001F325B /* TheatreView.swift */ = {isa = PBXFileReference; lastKnownFileType = sourcecode.swift; path = TheatreView.swift; sourceTree = "<group>"; };
		648ED4CC2AF912DE001F325B /* StudioView.swift */ = {isa = PBXFileReference; lastKnownFileType = sourcecode.swift; path = StudioView.swift; sourceTree = "<group>"; };
		648ED4D02AF91309001F325B /* ProfileView.swift */ = {isa = PBXFileReference; lastKnownFileType = sourcecode.swift; path = ProfileView.swift; sourceTree = "<group>"; };
		648ED4D22AF9DF45001F325B /* NotificationButton.swift */ = {isa = PBXFileReference; lastKnownFileType = sourcecode.swift; path = NotificationButton.swift; sourceTree = "<group>"; };
		648ED4D42AF9E5A2001F325B /* EpisodeCarouselView.swift */ = {isa = PBXFileReference; lastKnownFileType = sourcecode.swift; path = EpisodeCarouselView.swift; sourceTree = "<group>"; };
		648ED4D62AF9E611001F325B /* EpisodeList.swift */ = {isa = PBXFileReference; lastKnownFileType = sourcecode.swift; path = EpisodeList.swift; sourceTree = "<group>"; };
		648ED4D82AF9E6F8001F325B /* EpisodeIcon.swift */ = {isa = PBXFileReference; lastKnownFileType = sourcecode.swift; path = EpisodeIcon.swift; sourceTree = "<group>"; };
		649622582AF4C81300EF1CCC /* GoogleService-Info.plist */ = {isa = PBXFileReference; fileEncoding = 4; lastKnownFileType = text.plist.xml; path = "GoogleService-Info.plist"; sourceTree = "<group>"; };
		64979BF82AF49F4E007DF297 /* beta.app */ = {isa = PBXFileReference; explicitFileType = wrapper.application; includeInIndex = 0; path = beta.app; sourceTree = BUILT_PRODUCTS_DIR; };
		64979BFB2AF49F4E007DF297 /* betaApp.swift */ = {isa = PBXFileReference; lastKnownFileType = sourcecode.swift; path = betaApp.swift; sourceTree = "<group>"; };
		64979BFF2AF49F50007DF297 /* Assets.xcassets */ = {isa = PBXFileReference; lastKnownFileType = folder.assetcatalog; path = Assets.xcassets; sourceTree = "<group>"; };
		64979C012AF49F50007DF297 /* beta.entitlements */ = {isa = PBXFileReference; lastKnownFileType = text.plist.entitlements; path = beta.entitlements; sourceTree = "<group>"; };
		64979C032AF49F50007DF297 /* Preview Assets.xcassets */ = {isa = PBXFileReference; lastKnownFileType = folder.assetcatalog; path = "Preview Assets.xcassets"; sourceTree = "<group>"; };
		649961E42B2017AB00C5ADA3 /* OnboardingView.swift */ = {isa = PBXFileReference; lastKnownFileType = sourcecode.swift; path = OnboardingView.swift; sourceTree = "<group>"; };
		64B9A39B2AFDE46E00E04778 /* AuthService.swift */ = {isa = PBXFileReference; lastKnownFileType = sourcecode.swift; path = AuthService.swift; sourceTree = "<group>"; };
		64B9A39D2AFE056600E04778 /* RootView.swift */ = {isa = PBXFileReference; lastKnownFileType = sourcecode.swift; path = RootView.swift; sourceTree = "<group>"; };
		64B9A39F2AFE059000E04778 /* WelcomeView.swift */ = {isa = PBXFileReference; lastKnownFileType = sourcecode.swift; path = WelcomeView.swift; sourceTree = "<group>"; };
		64B9A3A32AFE145300E04778 /* RootViewModel.swift */ = {isa = PBXFileReference; lastKnownFileType = sourcecode.swift; path = RootViewModel.swift; sourceTree = "<group>"; };
		64BA2CA62AF75FA200F60822 /* RegistrationView.swift */ = {isa = PBXFileReference; lastKnownFileType = sourcecode.swift; path = RegistrationView.swift; sourceTree = "<group>"; };
		64BA2CA82AF7C38F00F60822 /* BioAuthButton.swift */ = {isa = PBXFileReference; lastKnownFileType = sourcecode.swift; path = BioAuthButton.swift; sourceTree = "<group>"; };
		64BED6282AF61688000BB905 /* Color.swift */ = {isa = PBXFileReference; lastKnownFileType = sourcecode.swift; path = Color.swift; sourceTree = "<group>"; };
		64BED62D2AF66FF1000BB905 /* PermanentMarker-Regular.ttf */ = {isa = PBXFileReference; lastKnownFileType = file; path = "PermanentMarker-Regular.ttf"; sourceTree = "<group>"; };
		64C404F12AFCC71000048F48 /* RegistrationViewModel.swift */ = {isa = PBXFileReference; lastKnownFileType = sourcecode.swift; path = RegistrationViewModel.swift; sourceTree = "<group>"; };
		64D583A92B1F29BA006DA180 /* LoginViewModel.swift */ = {isa = PBXFileReference; lastKnownFileType = sourcecode.swift; path = LoginViewModel.swift; sourceTree = "<group>"; };
/* End PBXFileReference section */

/* Begin PBXFrameworksBuildPhase section */
		64979BF52AF49F4E007DF297 /* Frameworks */ = {
			isa = PBXFrameworksBuildPhase;
			buildActionMask = 2147483647;
			files = (
				64979C0C2AF4B6F5007DF297 /* FirebaseAuth in Frameworks */,
				64979C122AF4B6F5007DF297 /* FirebaseStorage in Frameworks */,
				64979C0E2AF4B6F5007DF297 /* FirebaseFirestore in Frameworks */,
				64979C102AF4B6F5007DF297 /* FirebaseFirestoreSwift in Frameworks */,
			);
			runOnlyForDeploymentPostprocessing = 0;
		};
/* End PBXFrameworksBuildPhase section */

/* Begin PBXGroup section */
		648ED4BF2AF8BEB3001F325B /* ViewModifiers */ = {
			isa = PBXGroup;
			children = (
				648ED4C22AF8BEF7001F325B /* AuthTextFieldModifier.swift */,
			);
			path = ViewModifiers;
			sourceTree = "<group>";
		};
		648ED4C82AF9128B001F325B /* View */ = {
			isa = PBXGroup;
			children = (
				648ED4C92AF912AD001F325B /* TheatreView.swift */,
			);
			path = View;
			sourceTree = "<group>";
		};
		648ED4CB2AF912D0001F325B /* View */ = {
			isa = PBXGroup;
			children = (
				648ED4CC2AF912DE001F325B /* StudioView.swift */,
			);
			path = View;
			sourceTree = "<group>";
		};
		648ED4CF2AF912FE001F325B /* View */ = {
			isa = PBXGroup;
			children = (
				648ED4D02AF91309001F325B /* ProfileView.swift */,
			);
			path = View;
			sourceTree = "<group>";
		};
		6496225B2AF4C98100EF1CCC /* Utils */ = {
			isa = PBXGroup;
			children = (
				648ED4BF2AF8BEB3001F325B /* ViewModifiers */,
			);
			path = Utils;
			sourceTree = "<group>";
		};
		6496225C2AF4C98900EF1CCC /* Services */ = {
			isa = PBXGroup;
			children = (
			);
			path = Services;
			sourceTree = "<group>";
		};
		6496225D2AF4C99000EF1CCC /* Models */ = {
			isa = PBXGroup;
			children = (
				648B13B02B217D5E00D91A85 /* User.swift */,
			);
			path = Models;
			sourceTree = "<group>";
		};
		6496225E2AF4C99800EF1CCC /* Extensions */ = {
			isa = PBXGroup;
			children = (
				64BED6282AF61688000BB905 /* Color.swift */,
			);
			path = Extensions;
			sourceTree = "<group>";
		};
		6496225F2AF4C9A200EF1CCC /* Font */ = {
			isa = PBXGroup;
			children = (
				64BED62D2AF66FF1000BB905 /* PermanentMarker-Regular.ttf */,
			);
			path = Font;
			sourceTree = "<group>";
		};
		649622602AF4C9A600EF1CCC /* Components */ = {
			isa = PBXGroup;
			children = (
				64BA2CA82AF7C38F00F60822 /* BioAuthButton.swift */,
				648ED4C42AF8CD4A001F325B /* LargeButton.swift */,
				648ED4D22AF9DF45001F325B /* NotificationButton.swift */,
				648ED4D82AF9E6F8001F325B /* EpisodeIcon.swift */,
				648ED4D42AF9E5A2001F325B /* EpisodeCarouselView.swift */,
				648ED4D62AF9E611001F325B /* EpisodeList.swift */,
				64076D942AFB56B800F992DA /* StudioSectionHeader.swift */,
				64076D962AFB578300F992DA /* TagList.swift */,
			);
			path = Components;
			sourceTree = "<group>";
		};
		649622612AF4C9AE00EF1CCC /* Core */ = {
			isa = PBXGroup;
			children = (
				649622692AF4CA1100EF1CCC /* Root */,
				649622682AF4CA0800EF1CCC /* Authentication */,
				649622672AF4CA0000EF1CCC /* TabBar */,
				649622662AF4C9F300EF1CCC /* Theatre */,
				649622652AF4C9ED00EF1CCC /* Studio */,
				649622642AF4C9E600EF1CCC /* Profile */,
			);
			path = Core;
			sourceTree = "<group>";
		};
		649622622AF4C9B200EF1CCC /* App */ = {
			isa = PBXGroup;
			children = (
				64979BFB2AF49F4E007DF297 /* betaApp.swift */,
			);
			path = App;
			sourceTree = "<group>";
		};
		649622642AF4C9E600EF1CCC /* Profile */ = {
			isa = PBXGroup;
			children = (
				648ED4CF2AF912FE001F325B /* View */,
			);
			path = Profile;
			sourceTree = "<group>";
		};
		649622652AF4C9ED00EF1CCC /* Studio */ = {
			isa = PBXGroup;
			children = (
				648ED4CB2AF912D0001F325B /* View */,
			);
			path = Studio;
			sourceTree = "<group>";
		};
		649622662AF4C9F300EF1CCC /* Theatre */ = {
			isa = PBXGroup;
			children = (
				648ED4C82AF9128B001F325B /* View */,
			);
			path = Theatre;
			sourceTree = "<group>";
		};
		649622672AF4CA0000EF1CCC /* TabBar */ = {
			isa = PBXGroup;
			children = (
				648ED4C62AF90FD7001F325B /* MainTabView.swift */,
			);
			path = TabBar;
			sourceTree = "<group>";
		};
		649622682AF4CA0800EF1CCC /* Authentication */ = {
			isa = PBXGroup;
			children = (
				64BA2CA52AF7582100F60822 /* View */,
				64C404EF2AFCC17800048F48 /* ViewModel */,
				64C404F02AFCC20500048F48 /* Service */,
			);
			path = Authentication;
			sourceTree = "<group>";
		};
		649622692AF4CA1100EF1CCC /* Root */ = {
			isa = PBXGroup;
			children = (
				64B9A3A12AFE06E400E04778 /* View */,
				64B9A3A22AFE06ED00E04778 /* ViewModel */,
			);
			path = Root;
			sourceTree = "<group>";
		};
		64979BEF2AF49F4E007DF297 = {
			isa = PBXGroup;
			children = (
				64979BFA2AF49F4E007DF297 /* beta */,
				64979BF92AF49F4E007DF297 /* Products */,
			);
			sourceTree = "<group>";
		};
		64979BF92AF49F4E007DF297 /* Products */ = {
			isa = PBXGroup;
			children = (
				64979BF82AF49F4E007DF297 /* beta.app */,
			);
			name = Products;
			sourceTree = "<group>";
		};
		64979BFA2AF49F4E007DF297 /* beta */ = {
			isa = PBXGroup;
			children = (
				649622622AF4C9B200EF1CCC /* App */,
				649622612AF4C9AE00EF1CCC /* Core */,
				649622602AF4C9A600EF1CCC /* Components */,
				6496225F2AF4C9A200EF1CCC /* Font */,
				6496225E2AF4C99800EF1CCC /* Extensions */,
				6496225D2AF4C99000EF1CCC /* Models */,
				6496225C2AF4C98900EF1CCC /* Services */,
				6496225B2AF4C98100EF1CCC /* Utils */,
				649622582AF4C81300EF1CCC /* GoogleService-Info.plist */,
				64979BFF2AF49F50007DF297 /* Assets.xcassets */,
				64979C012AF49F50007DF297 /* beta.entitlements */,
				64979C022AF49F50007DF297 /* Preview Content */,
			);
			path = beta;
			sourceTree = "<group>";
		};
		64979C022AF49F50007DF297 /* Preview Content */ = {
			isa = PBXGroup;
			children = (
				64979C032AF49F50007DF297 /* Preview Assets.xcassets */,
			);
			path = "Preview Content";
			sourceTree = "<group>";
		};
		64B9A3A12AFE06E400E04778 /* View */ = {
			isa = PBXGroup;
			children = (
				64B9A39D2AFE056600E04778 /* RootView.swift */,
			);
			path = View;
			sourceTree = "<group>";
		};
		64B9A3A22AFE06ED00E04778 /* ViewModel */ = {
			isa = PBXGroup;
			children = (
				64B9A3A32AFE145300E04778 /* RootViewModel.swift */,
			);
			path = ViewModel;
			sourceTree = "<group>";
		};
		64BA2CA52AF7582100F60822 /* View */ = {
			isa = PBXGroup;
			children = (
				64B9A39F2AFE059000E04778 /* WelcomeView.swift */,
				64BA2CA62AF75FA200F60822 /* RegistrationView.swift */,
				648ED4BD2AF88683001F325B /* LoginView.swift */,
				649961E42B2017AB00C5ADA3 /* OnboardingView.swift */,
			);
			path = View;
			sourceTree = "<group>";
		};
		64C404EF2AFCC17800048F48 /* ViewModel */ = {
			isa = PBXGroup;
			children = (
				64C404F12AFCC71000048F48 /* RegistrationViewModel.swift */,
				64D583A92B1F29BA006DA180 /* LoginViewModel.swift */,
			);
			path = ViewModel;
			sourceTree = "<group>";
		};
		64C404F02AFCC20500048F48 /* Service */ = {
			isa = PBXGroup;
			children = (
				64B9A39B2AFDE46E00E04778 /* AuthService.swift */,
			);
			path = Service;
			sourceTree = "<group>";
		};
/* End PBXGroup section */

/* Begin PBXNativeTarget section */
		64979BF72AF49F4E007DF297 /* beta */ = {
			isa = PBXNativeTarget;
			buildConfigurationList = 64979C072AF49F50007DF297 /* Build configuration list for PBXNativeTarget "beta" */;
			buildPhases = (
				64979BF42AF49F4E007DF297 /* Sources */,
				64979BF52AF49F4E007DF297 /* Frameworks */,
				64979BF62AF49F4E007DF297 /* Resources */,
			);
			buildRules = (
			);
			dependencies = (
			);
			name = beta;
			packageProductDependencies = (
				64979C0B2AF4B6F5007DF297 /* FirebaseAuth */,
				64979C0D2AF4B6F5007DF297 /* FirebaseFirestore */,
				64979C0F2AF4B6F5007DF297 /* FirebaseFirestoreSwift */,
				64979C112AF4B6F5007DF297 /* FirebaseStorage */,
			);
			productName = beta;
			productReference = 64979BF82AF49F4E007DF297 /* beta.app */;
			productType = "com.apple.product-type.application";
		};
/* End PBXNativeTarget section */

/* Begin PBXProject section */
		64979BF02AF49F4E007DF297 /* Project object */ = {
			isa = PBXProject;
			attributes = {
				BuildIndependentTargetsInParallel = 1;
				LastSwiftUpdateCheck = 1420;
				LastUpgradeCheck = 1420;
				TargetAttributes = {
					64979BF72AF49F4E007DF297 = {
						CreatedOnToolsVersion = 14.2;
					};
				};
			};
			buildConfigurationList = 64979BF32AF49F4E007DF297 /* Build configuration list for PBXProject "beta" */;
			compatibilityVersion = "Xcode 14.0";
			developmentRegion = en;
			hasScannedForEncodings = 0;
			knownRegions = (
				en,
				Base,
			);
			mainGroup = 64979BEF2AF49F4E007DF297;
			packageReferences = (
				64979C0A2AF4B6F5007DF297 /* XCRemoteSwiftPackageReference "firebase-ios-sdk" */,
			);
			productRefGroup = 64979BF92AF49F4E007DF297 /* Products */;
			projectDirPath = "";
			projectRoot = "";
			targets = (
				64979BF72AF49F4E007DF297 /* beta */,
			);
		};
/* End PBXProject section */

/* Begin PBXResourcesBuildPhase section */
		64979BF62AF49F4E007DF297 /* Resources */ = {
			isa = PBXResourcesBuildPhase;
			buildActionMask = 2147483647;
			files = (
				64979C042AF49F50007DF297 /* Preview Assets.xcassets in Resources */,
				64979C002AF49F50007DF297 /* Assets.xcassets in Resources */,
				64BED62E2AF66FF1000BB905 /* PermanentMarker-Regular.ttf in Resources */,
				649622592AF4C81300EF1CCC /* GoogleService-Info.plist in Resources */,
			);
			runOnlyForDeploymentPostprocessing = 0;
		};
/* End PBXResourcesBuildPhase section */

/* Begin PBXSourcesBuildPhase section */
		64979BF42AF49F4E007DF297 /* Sources */ = {
			isa = PBXSourcesBuildPhase;
			buildActionMask = 2147483647;
			files = (
				64D583AA2B1F29BB006DA180 /* LoginViewModel.swift in Sources */,
				648ED4CA2AF912AD001F325B /* TheatreView.swift in Sources */,
				648ED4C32AF8BEF7001F325B /* AuthTextFieldModifier.swift in Sources */,
				648B13B12B217D5E00D91A85 /* User.swift in Sources */,
				648ED4BE2AF88684001F325B /* LoginView.swift in Sources */,
				64C404F22AFCC71000048F48 /* RegistrationViewModel.swift in Sources */,
				648ED4C72AF90FD7001F325B /* MainTabView.swift in Sources */,
				648ED4D12AF91309001F325B /* ProfileView.swift in Sources */,
				64979BFC2AF49F4E007DF297 /* betaApp.swift in Sources */,
				64B9A39C2AFDE46E00E04778 /* AuthService.swift in Sources */,
				64B9A3A42AFE145300E04778 /* RootViewModel.swift in Sources */,
				64076D972AFB578300F992DA /* TagList.swift in Sources */,
				648ED4C52AF8CD4A001F325B /* LargeButton.swift in Sources */,
				64BED6292AF61688000BB905 /* Color.swift in Sources */,
				64B9A39E2AFE056600E04778 /* RootView.swift in Sources */,
				64076D952AFB56B800F992DA /* StudioSectionHeader.swift in Sources */,
				64BA2CA92AF7C38F00F60822 /* BioAuthButton.swift in Sources */,
				648ED4CD2AF912DE001F325B /* StudioView.swift in Sources */,
				648ED4D52AF9E5A3001F325B /* EpisodeCarouselView.swift in Sources */,
				64B9A3A02AFE059000E04778 /* WelcomeView.swift in Sources */,
				648ED4D32AF9DF46001F325B /* NotificationButton.swift in Sources */,
				64BA2CA72AF75FA200F60822 /* RegistrationView.swift in Sources */,
				649961E52B2017AB00C5ADA3 /* OnboardingView.swift in Sources */,
				648ED4D92AF9E6F8001F325B /* EpisodeIcon.swift in Sources */,
				648ED4D72AF9E611001F325B /* EpisodeList.swift in Sources */,
			);
			runOnlyForDeploymentPostprocessing = 0;
		};
/* End PBXSourcesBuildPhase section */

/* Begin XCBuildConfiguration section */
		64979C052AF49F50007DF297 /* Debug */ = {
			isa = XCBuildConfiguration;
			buildSettings = {
				ALWAYS_SEARCH_USER_PATHS = NO;
				CLANG_ANALYZER_NONNULL = YES;
				CLANG_ANALYZER_NUMBER_OBJECT_CONVERSION = YES_AGGRESSIVE;
				CLANG_CXX_LANGUAGE_STANDARD = "gnu++20";
				CLANG_ENABLE_MODULES = YES;
				CLANG_ENABLE_OBJC_ARC = YES;
				CLANG_ENABLE_OBJC_WEAK = YES;
				CLANG_WARN_BLOCK_CAPTURE_AUTORELEASING = YES;
				CLANG_WARN_BOOL_CONVERSION = YES;
				CLANG_WARN_COMMA = YES;
				CLANG_WARN_CONSTANT_CONVERSION = YES;
				CLANG_WARN_DEPRECATED_OBJC_IMPLEMENTATIONS = YES;
				CLANG_WARN_DIRECT_OBJC_ISA_USAGE = YES_ERROR;
				CLANG_WARN_DOCUMENTATION_COMMENTS = YES;
				CLANG_WARN_EMPTY_BODY = YES;
				CLANG_WARN_ENUM_CONVERSION = YES;
				CLANG_WARN_INFINITE_RECURSION = YES;
				CLANG_WARN_INT_CONVERSION = YES;
				CLANG_WARN_NON_LITERAL_NULL_CONVERSION = YES;
				CLANG_WARN_OBJC_IMPLICIT_RETAIN_SELF = YES;
				CLANG_WARN_OBJC_LITERAL_CONVERSION = YES;
				CLANG_WARN_OBJC_ROOT_CLASS = YES_ERROR;
				CLANG_WARN_QUOTED_INCLUDE_IN_FRAMEWORK_HEADER = YES;
				CLANG_WARN_RANGE_LOOP_ANALYSIS = YES;
				CLANG_WARN_STRICT_PROTOTYPES = YES;
				CLANG_WARN_SUSPICIOUS_MOVE = YES;
				CLANG_WARN_UNGUARDED_AVAILABILITY = YES_AGGRESSIVE;
				CLANG_WARN_UNREACHABLE_CODE = YES;
				CLANG_WARN__DUPLICATE_METHOD_MATCH = YES;
				COPY_PHASE_STRIP = NO;
				DEBUG_INFORMATION_FORMAT = dwarf;
				ENABLE_STRICT_OBJC_MSGSEND = YES;
				ENABLE_TESTABILITY = YES;
				GCC_C_LANGUAGE_STANDARD = gnu11;
				GCC_DYNAMIC_NO_PIC = NO;
				GCC_NO_COMMON_BLOCKS = YES;
				GCC_OPTIMIZATION_LEVEL = 0;
				GCC_PREPROCESSOR_DEFINITIONS = (
					"DEBUG=1",
					"$(inherited)",
				);
				GCC_WARN_64_TO_32_BIT_CONVERSION = YES;
				GCC_WARN_ABOUT_RETURN_TYPE = YES_ERROR;
				GCC_WARN_UNDECLARED_SELECTOR = YES;
				GCC_WARN_UNINITIALIZED_AUTOS = YES_AGGRESSIVE;
				GCC_WARN_UNUSED_FUNCTION = YES;
				GCC_WARN_UNUSED_VARIABLE = YES;
				MTL_ENABLE_DEBUG_INFO = INCLUDE_SOURCE;
				MTL_FAST_MATH = YES;
				ONLY_ACTIVE_ARCH = YES;
				SWIFT_ACTIVE_COMPILATION_CONDITIONS = DEBUG;
				SWIFT_OPTIMIZATION_LEVEL = "-Onone";
			};
			name = Debug;
		};
		64979C062AF49F50007DF297 /* Release */ = {
			isa = XCBuildConfiguration;
			buildSettings = {
				ALWAYS_SEARCH_USER_PATHS = NO;
				CLANG_ANALYZER_NONNULL = YES;
				CLANG_ANALYZER_NUMBER_OBJECT_CONVERSION = YES_AGGRESSIVE;
				CLANG_CXX_LANGUAGE_STANDARD = "gnu++20";
				CLANG_ENABLE_MODULES = YES;
				CLANG_ENABLE_OBJC_ARC = YES;
				CLANG_ENABLE_OBJC_WEAK = YES;
				CLANG_WARN_BLOCK_CAPTURE_AUTORELEASING = YES;
				CLANG_WARN_BOOL_CONVERSION = YES;
				CLANG_WARN_COMMA = YES;
				CLANG_WARN_CONSTANT_CONVERSION = YES;
				CLANG_WARN_DEPRECATED_OBJC_IMPLEMENTATIONS = YES;
				CLANG_WARN_DIRECT_OBJC_ISA_USAGE = YES_ERROR;
				CLANG_WARN_DOCUMENTATION_COMMENTS = YES;
				CLANG_WARN_EMPTY_BODY = YES;
				CLANG_WARN_ENUM_CONVERSION = YES;
				CLANG_WARN_INFINITE_RECURSION = YES;
				CLANG_WARN_INT_CONVERSION = YES;
				CLANG_WARN_NON_LITERAL_NULL_CONVERSION = YES;
				CLANG_WARN_OBJC_IMPLICIT_RETAIN_SELF = YES;
				CLANG_WARN_OBJC_LITERAL_CONVERSION = YES;
				CLANG_WARN_OBJC_ROOT_CLASS = YES_ERROR;
				CLANG_WARN_QUOTED_INCLUDE_IN_FRAMEWORK_HEADER = YES;
				CLANG_WARN_RANGE_LOOP_ANALYSIS = YES;
				CLANG_WARN_STRICT_PROTOTYPES = YES;
				CLANG_WARN_SUSPICIOUS_MOVE = YES;
				CLANG_WARN_UNGUARDED_AVAILABILITY = YES_AGGRESSIVE;
				CLANG_WARN_UNREACHABLE_CODE = YES;
				CLANG_WARN__DUPLICATE_METHOD_MATCH = YES;
				COPY_PHASE_STRIP = NO;
				DEBUG_INFORMATION_FORMAT = "dwarf-with-dsym";
				ENABLE_NS_ASSERTIONS = NO;
				ENABLE_STRICT_OBJC_MSGSEND = YES;
				GCC_C_LANGUAGE_STANDARD = gnu11;
				GCC_NO_COMMON_BLOCKS = YES;
				GCC_WARN_64_TO_32_BIT_CONVERSION = YES;
				GCC_WARN_ABOUT_RETURN_TYPE = YES_ERROR;
				GCC_WARN_UNDECLARED_SELECTOR = YES;
				GCC_WARN_UNINITIALIZED_AUTOS = YES_AGGRESSIVE;
				GCC_WARN_UNUSED_FUNCTION = YES;
				GCC_WARN_UNUSED_VARIABLE = YES;
				MTL_ENABLE_DEBUG_INFO = NO;
				MTL_FAST_MATH = YES;
				SWIFT_COMPILATION_MODE = wholemodule;
				SWIFT_OPTIMIZATION_LEVEL = "-O";
			};
			name = Release;
		};
		64979C082AF49F50007DF297 /* Debug */ = {
			isa = XCBuildConfiguration;
			buildSettings = {
				ASSETCATALOG_COMPILER_APPICON_NAME = AppIcon;
				ASSETCATALOG_COMPILER_GLOBAL_ACCENT_COLOR_NAME = AccentColor;
				CODE_SIGN_ENTITLEMENTS = beta/beta.entitlements;
				CODE_SIGN_STYLE = Automatic;
				CURRENT_PROJECT_VERSION = 1;
				DEVELOPMENT_ASSET_PATHS = "\"beta/Preview Content\"";
				ENABLE_PREVIEWS = YES;
				GENERATE_INFOPLIST_FILE = YES;
				INFOPLIST_FILE = beta/Info.plist;
				"INFOPLIST_KEY_UIApplicationSceneManifest_Generation[sdk=iphoneos*]" = YES;
				"INFOPLIST_KEY_UIApplicationSceneManifest_Generation[sdk=iphonesimulator*]" = YES;
				"INFOPLIST_KEY_UIApplicationSupportsIndirectInputEvents[sdk=iphoneos*]" = YES;
				"INFOPLIST_KEY_UIApplicationSupportsIndirectInputEvents[sdk=iphonesimulator*]" = YES;
				"INFOPLIST_KEY_UILaunchScreen_Generation[sdk=iphoneos*]" = YES;
				"INFOPLIST_KEY_UILaunchScreen_Generation[sdk=iphonesimulator*]" = YES;
				"INFOPLIST_KEY_UIStatusBarStyle[sdk=iphoneos*]" = UIStatusBarStyleDefault;
				"INFOPLIST_KEY_UIStatusBarStyle[sdk=iphonesimulator*]" = UIStatusBarStyleDefault;
				INFOPLIST_KEY_UISupportedInterfaceOrientations_iPad = "UIInterfaceOrientationPortrait UIInterfaceOrientationPortraitUpsideDown UIInterfaceOrientationLandscapeLeft UIInterfaceOrientationLandscapeRight";
				INFOPLIST_KEY_UISupportedInterfaceOrientations_iPhone = "UIInterfaceOrientationPortrait UIInterfaceOrientationLandscapeLeft UIInterfaceOrientationLandscapeRight";
				IPHONEOS_DEPLOYMENT_TARGET = 16.2;
				LD_RUNPATH_SEARCH_PATHS = "@executable_path/Frameworks";
				"LD_RUNPATH_SEARCH_PATHS[sdk=macosx*]" = "@executable_path/../Frameworks";
				MACOSX_DEPLOYMENT_TARGET = 12.6;
				MARKETING_VERSION = 1.0;
				PRODUCT_BUNDLE_IDENTIFIER = ai.cherrypick.beta;
				PRODUCT_NAME = "$(TARGET_NAME)";
				SDKROOT = auto;
				SUPPORTED_PLATFORMS = "iphoneos iphonesimulator macosx";
				SWIFT_EMIT_LOC_STRINGS = YES;
				SWIFT_VERSION = 5.0;
				TARGETED_DEVICE_FAMILY = "1,2";
			};
			name = Debug;
		};
		64979C092AF49F50007DF297 /* Release */ = {
			isa = XCBuildConfiguration;
			buildSettings = {
				ASSETCATALOG_COMPILER_APPICON_NAME = AppIcon;
				ASSETCATALOG_COMPILER_GLOBAL_ACCENT_COLOR_NAME = AccentColor;
				CODE_SIGN_ENTITLEMENTS = beta/beta.entitlements;
				CODE_SIGN_STYLE = Automatic;
				CURRENT_PROJECT_VERSION = 1;
				DEVELOPMENT_ASSET_PATHS = "\"beta/Preview Content\"";
				ENABLE_PREVIEWS = YES;
				GENERATE_INFOPLIST_FILE = YES;
				INFOPLIST_FILE = beta/Info.plist;
				"INFOPLIST_KEY_UIApplicationSceneManifest_Generation[sdk=iphoneos*]" = YES;
				"INFOPLIST_KEY_UIApplicationSceneManifest_Generation[sdk=iphonesimulator*]" = YES;
				"INFOPLIST_KEY_UIApplicationSupportsIndirectInputEvents[sdk=iphoneos*]" = YES;
				"INFOPLIST_KEY_UIApplicationSupportsIndirectInputEvents[sdk=iphonesimulator*]" = YES;
				"INFOPLIST_KEY_UILaunchScreen_Generation[sdk=iphoneos*]" = YES;
				"INFOPLIST_KEY_UILaunchScreen_Generation[sdk=iphonesimulator*]" = YES;
				"INFOPLIST_KEY_UIStatusBarStyle[sdk=iphoneos*]" = UIStatusBarStyleDefault;
				"INFOPLIST_KEY_UIStatusBarStyle[sdk=iphonesimulator*]" = UIStatusBarStyleDefault;
				INFOPLIST_KEY_UISupportedInterfaceOrientations_iPad = "UIInterfaceOrientationPortrait UIInterfaceOrientationPortraitUpsideDown UIInterfaceOrientationLandscapeLeft UIInterfaceOrientationLandscapeRight";
				INFOPLIST_KEY_UISupportedInterfaceOrientations_iPhone = "UIInterfaceOrientationPortrait UIInterfaceOrientationLandscapeLeft UIInterfaceOrientationLandscapeRight";
				IPHONEOS_DEPLOYMENT_TARGET = 16.2;
				LD_RUNPATH_SEARCH_PATHS = "@executable_path/Frameworks";
				"LD_RUNPATH_SEARCH_PATHS[sdk=macosx*]" = "@executable_path/../Frameworks";
				MACOSX_DEPLOYMENT_TARGET = 12.6;
				MARKETING_VERSION = 1.0;
				PRODUCT_BUNDLE_IDENTIFIER = ai.cherrypick.beta;
				PRODUCT_NAME = "$(TARGET_NAME)";
				SDKROOT = auto;
				SUPPORTED_PLATFORMS = "iphoneos iphonesimulator macosx";
				SWIFT_EMIT_LOC_STRINGS = YES;
				SWIFT_VERSION = 5.0;
				TARGETED_DEVICE_FAMILY = "1,2";
			};
			name = Release;
		};
/* End XCBuildConfiguration section */

/* Begin XCConfigurationList section */
		64979BF32AF49F4E007DF297 /* Build configuration list for PBXProject "beta" */ = {
			isa = XCConfigurationList;
			buildConfigurations = (
				64979C052AF49F50007DF297 /* Debug */,
				64979C062AF49F50007DF297 /* Release */,
			);
			defaultConfigurationIsVisible = 0;
			defaultConfigurationName = Release;
		};
		64979C072AF49F50007DF297 /* Build configuration list for PBXNativeTarget "beta" */ = {
			isa = XCConfigurationList;
			buildConfigurations = (
				64979C082AF49F50007DF297 /* Debug */,
				64979C092AF49F50007DF297 /* Release */,
			);
			defaultConfigurationIsVisible = 0;
			defaultConfigurationName = Release;
		};
/* End XCConfigurationList section */

/* Begin XCRemoteSwiftPackageReference section */
		64979C0A2AF4B6F5007DF297 /* XCRemoteSwiftPackageReference "firebase-ios-sdk" */ = {
			isa = XCRemoteSwiftPackageReference;
			repositoryURL = "https://github.com/firebase/firebase-ios-sdk";
			requirement = {
				kind = upToNextMajorVersion;
				minimumVersion = 9.0.0;
			};
		};
/* End XCRemoteSwiftPackageReference section */

/* Begin XCSwiftPackageProductDependency section */
		64979C0B2AF4B6F5007DF297 /* FirebaseAuth */ = {
			isa = XCSwiftPackageProductDependency;
			package = 64979C0A2AF4B6F5007DF297 /* XCRemoteSwiftPackageReference "firebase-ios-sdk" */;
			productName = FirebaseAuth;
		};
		64979C0D2AF4B6F5007DF297 /* FirebaseFirestore */ = {
			isa = XCSwiftPackageProductDependency;
			package = 64979C0A2AF4B6F5007DF297 /* XCRemoteSwiftPackageReference "firebase-ios-sdk" */;
			productName = FirebaseFirestore;
		};
		64979C0F2AF4B6F5007DF297 /* FirebaseFirestoreSwift */ = {
			isa = XCSwiftPackageProductDependency;
			package = 64979C0A2AF4B6F5007DF297 /* XCRemoteSwiftPackageReference "firebase-ios-sdk" */;
			productName = FirebaseFirestoreSwift;
		};
		64979C112AF4B6F5007DF297 /* FirebaseStorage */ = {
			isa = XCSwiftPackageProductDependency;
			package = 64979C0A2AF4B6F5007DF297 /* XCRemoteSwiftPackageReference "firebase-ios-sdk" */;
			productName = FirebaseStorage;
		};
/* End XCSwiftPackageProductDependency section */
	};
	rootObject = 64979BF02AF49F4E007DF297 /* Project object */;
}
